// !$*UTF8*$!
{
	archiveVersion = 1;
	classes = {
	};
	objectVersion = 46;
	objects = {

/* Begin PBXBuildFile section */
		B0D7459C1DB251CB00644F3E /* AppDelegate.swift in Sources */ = {isa = PBXBuildFile; fileRef = B0D7459B1DB251CB00644F3E /* AppDelegate.swift */; };
		B0D7459E1DB251CB00644F3E /* ViewController.swift in Sources */ = {isa = PBXBuildFile; fileRef = B0D7459D1DB251CB00644F3E /* ViewController.swift */; };
		B0D745A11DB251CB00644F3E /* Main.storyboard in Resources */ = {isa = PBXBuildFile; fileRef = B0D7459F1DB251CB00644F3E /* Main.storyboard */; };
		B0D745A31DB251CB00644F3E /* Assets.xcassets in Resources */ = {isa = PBXBuildFile; fileRef = B0D745A21DB251CB00644F3E /* Assets.xcassets */; };
		B0D745A61DB251CB00644F3E /* LaunchScreen.storyboard in Resources */ = {isa = PBXBuildFile; fileRef = B0D745A41DB251CB00644F3E /* LaunchScreen.storyboard */; };
		B0D745B11DB251CB00644F3E /* MapBattleTests.swift in Sources */ = {isa = PBXBuildFile; fileRef = B0D745B01DB251CB00644F3E /* MapBattleTests.swift */; };
		B0D745BC1DB251CB00644F3E /* MapBattleUITests.swift in Sources */ = {isa = PBXBuildFile; fileRef = B0D745BB1DB251CB00644F3E /* MapBattleUITests.swift */; };
/* End PBXBuildFile section */

/* Begin PBXContainerItemProxy section */
		B0D745AD1DB251CB00644F3E /* PBXContainerItemProxy */ = {
			isa = PBXContainerItemProxy;
			containerPortal = B0D745901DB251CB00644F3E /* Project object */;
			proxyType = 1;
			remoteGlobalIDString = B0D745971DB251CB00644F3E;
			remoteInfo = MapBattle;
		};
		B0D745B81DB251CB00644F3E /* PBXContainerItemProxy */ = {
			isa = PBXContainerItemProxy;
			containerPortal = B0D745901DB251CB00644F3E /* Project object */;
			proxyType = 1;
			remoteGlobalIDString = B0D745971DB251CB00644F3E;
			remoteInfo = MapBattle;
		};
/* End PBXContainerItemProxy section */

/* Begin PBXFileReference section */
		B0D745981DB251CB00644F3E /* MapBattle.app */ = {isa = PBXFileReference; explicitFileType = wrapper.application; includeInIndex = 0; path = MapBattle.app; sourceTree = BUILT_PRODUCTS_DIR; };
		B0D7459B1DB251CB00644F3E /* AppDelegate.swift */ = {isa = PBXFileReference; lastKnownFileType = sourcecode.swift; path = AppDelegate.swift; sourceTree = "<group>"; };
		B0D7459D1DB251CB00644F3E /* ViewController.swift */ = {isa = PBXFileReference; lastKnownFileType = sourcecode.swift; path = ViewController.swift; sourceTree = "<group>"; };
		B0D745A01DB251CB00644F3E /* Base */ = {isa = PBXFileReference; lastKnownFileType = file.storyboard; name = Base; path = Base.lproj/Main.storyboard; sourceTree = "<group>"; };
		B0D745A21DB251CB00644F3E /* Assets.xcassets */ = {isa = PBXFileReference; lastKnownFileType = folder.assetcatalog; path = Assets.xcassets; sourceTree = "<group>"; };
		B0D745A51DB251CB00644F3E /* Base */ = {isa = PBXFileReference; lastKnownFileType = file.storyboard; name = Base; path = Base.lproj/LaunchScreen.storyboard; sourceTree = "<group>"; };
		B0D745A71DB251CB00644F3E /* Info.plist */ = {isa = PBXFileReference; lastKnownFileType = text.plist.xml; path = Info.plist; sourceTree = "<group>"; };
		B0D745AC1DB251CB00644F3E /* MapBattleTests.xctest */ = {isa = PBXFileReference; explicitFileType = wrapper.cfbundle; includeInIndex = 0; path = MapBattleTests.xctest; sourceTree = BUILT_PRODUCTS_DIR; };
		B0D745B01DB251CB00644F3E /* MapBattleTests.swift */ = {isa = PBXFileReference; lastKnownFileType = sourcecode.swift; path = MapBattleTests.swift; sourceTree = "<group>"; };
		B0D745B21DB251CB00644F3E /* Info.plist */ = {isa = PBXFileReference; lastKnownFileType = text.plist.xml; path = Info.plist; sourceTree = "<group>"; };
		B0D745B71DB251CB00644F3E /* MapBattleUITests.xctest */ = {isa = PBXFileReference; explicitFileType = wrapper.cfbundle; includeInIndex = 0; path = MapBattleUITests.xctest; sourceTree = BUILT_PRODUCTS_DIR; };
		B0D745BB1DB251CB00644F3E /* MapBattleUITests.swift */ = {isa = PBXFileReference; lastKnownFileType = sourcecode.swift; path = MapBattleUITests.swift; sourceTree = "<group>"; };
		B0D745BD1DB251CB00644F3E /* Info.plist */ = {isa = PBXFileReference; lastKnownFileType = text.plist.xml; path = Info.plist; sourceTree = "<group>"; };
/* End PBXFileReference section */

/* Begin PBXFrameworksBuildPhase section */
		B0D745951DB251CB00644F3E /* Frameworks */ = {
			isa = PBXFrameworksBuildPhase;
			buildActionMask = 2147483647;
			files = (
			);
			runOnlyForDeploymentPostprocessing = 0;
		};
		B0D745A91DB251CB00644F3E /* Frameworks */ = {
			isa = PBXFrameworksBuildPhase;
			buildActionMask = 2147483647;
			files = (
			);
			runOnlyForDeploymentPostprocessing = 0;
		};
		B0D745B41DB251CB00644F3E /* Frameworks */ = {
			isa = PBXFrameworksBuildPhase;
			buildActionMask = 2147483647;
			files = (
			);
			runOnlyForDeploymentPostprocessing = 0;
		};
/* End PBXFrameworksBuildPhase section */

/* Begin PBXGroup section */
		B0D7458F1DB251CB00644F3E = {
			isa = PBXGroup;
			children = (
				B0D7459A1DB251CB00644F3E /* MapBattle */,
				B0D745AF1DB251CB00644F3E /* MapBattleTests */,
				B0D745BA1DB251CB00644F3E /* MapBattleUITests */,
				B0D745991DB251CB00644F3E /* Products */,
			);
			sourceTree = "<group>";
		};
		B0D745991DB251CB00644F3E /* Products */ = {
			isa = PBXGroup;
			children = (
				B0D745981DB251CB00644F3E /* MapBattle.app */,
				B0D745AC1DB251CB00644F3E /* MapBattleTests.xctest */,
				B0D745B71DB251CB00644F3E /* MapBattleUITests.xctest */,
			);
			name = Products;
			sourceTree = "<group>";
		};
		B0D7459A1DB251CB00644F3E /* MapBattle */ = {
			isa = PBXGroup;
			children = (
				B0D7459B1DB251CB00644F3E /* AppDelegate.swift */,
				B0D7459D1DB251CB00644F3E /* ViewController.swift */,
				B0D7459F1DB251CB00644F3E /* Main.storyboard */,
				B0D745A21DB251CB00644F3E /* Assets.xcassets */,
				B0D745A41DB251CB00644F3E /* LaunchScreen.storyboard */,
				B0D745A71DB251CB00644F3E /* Info.plist */,
			);
			path = MapBattle;
			sourceTree = "<group>";
		};
		B0D745AF1DB251CB00644F3E /* MapBattleTests */ = {
			isa = PBXGroup;
			children = (
				B0D745B01DB251CB00644F3E /* MapBattleTests.swift */,
				B0D745B21DB251CB00644F3E /* Info.plist */,
			);
			path = MapBattleTests;
			sourceTree = "<group>";
		};
		B0D745BA1DB251CB00644F3E /* MapBattleUITests */ = {
			isa = PBXGroup;
			children = (
				B0D745BB1DB251CB00644F3E /* MapBattleUITests.swift */,
				B0D745BD1DB251CB00644F3E /* Info.plist */,
			);
			path = MapBattleUITests;
			sourceTree = "<group>";
		};
/* End PBXGroup section */

/* Begin PBXNativeTarget section */
		B0D745971DB251CB00644F3E /* MapBattle */ = {
			isa = PBXNativeTarget;
			buildConfigurationList = B0D745C01DB251CB00644F3E /* Build configuration list for PBXNativeTarget "MapBattle" */;
			buildPhases = (
				B0D745941DB251CB00644F3E /* Sources */,
				B0D745951DB251CB00644F3E /* Frameworks */,
				B0D745961DB251CB00644F3E /* Resources */,
			);
			buildRules = (
			);
			dependencies = (
			);
			name = MapBattle;
			productName = MapBattle;
			productReference = B0D745981DB251CB00644F3E /* MapBattle.app */;
			productType = "com.apple.product-type.application";
		};
		B0D745AB1DB251CB00644F3E /* MapBattleTests */ = {
			isa = PBXNativeTarget;
			buildConfigurationList = B0D745C31DB251CB00644F3E /* Build configuration list for PBXNativeTarget "MapBattleTests" */;
			buildPhases = (
				B0D745A81DB251CB00644F3E /* Sources */,
				B0D745A91DB251CB00644F3E /* Frameworks */,
				B0D745AA1DB251CB00644F3E /* Resources */,
			);
			buildRules = (
			);
			dependencies = (
				B0D745AE1DB251CB00644F3E /* PBXTargetDependency */,
			);
			name = MapBattleTests;
			productName = MapBattleTests;
			productReference = B0D745AC1DB251CB00644F3E /* MapBattleTests.xctest */;
			productType = "com.apple.product-type.bundle.unit-test";
		};
		B0D745B61DB251CB00644F3E /* MapBattleUITests */ = {
			isa = PBXNativeTarget;
			buildConfigurationList = B0D745C61DB251CB00644F3E /* Build configuration list for PBXNativeTarget "MapBattleUITests" */;
			buildPhases = (
				B0D745B31DB251CB00644F3E /* Sources */,
				B0D745B41DB251CB00644F3E /* Frameworks */,
				B0D745B51DB251CB00644F3E /* Resources */,
			);
			buildRules = (
			);
			dependencies = (
				B0D745B91DB251CB00644F3E /* PBXTargetDependency */,
			);
			name = MapBattleUITests;
			productName = MapBattleUITests;
			productReference = B0D745B71DB251CB00644F3E /* MapBattleUITests.xctest */;
			productType = "com.apple.product-type.bundle.ui-testing";
		};
/* End PBXNativeTarget section */

/* Begin PBXProject section */
		B0D745901DB251CB00644F3E /* Project object */ = {
			isa = PBXProject;
			attributes = {
				LastSwiftUpdateCheck = 0800;
				LastUpgradeCheck = 0800;
				ORGANIZATIONNAME = "Ariel Rodriguez";
				TargetAttributes = {
					B0D745971DB251CB00644F3E = {
						CreatedOnToolsVersion = 8.0;
						ProvisioningStyle = Automatic;
					};
					B0D745AB1DB251CB00644F3E = {
						CreatedOnToolsVersion = 8.0;
						ProvisioningStyle = Automatic;
						TestTargetID = B0D745971DB251CB00644F3E;
					};
					B0D745B61DB251CB00644F3E = {
						CreatedOnToolsVersion = 8.0;
						ProvisioningStyle = Automatic;
						TestTargetID = B0D745971DB251CB00644F3E;
					};
				};
			};
			buildConfigurationList = B0D745931DB251CB00644F3E /* Build configuration list for PBXProject "MapBattle" */;
			compatibilityVersion = "Xcode 3.2";
			developmentRegion = English;
			hasScannedForEncodings = 0;
			knownRegions = (
				en,
				Base,
			);
			mainGroup = B0D7458F1DB251CB00644F3E;
			productRefGroup = B0D745991DB251CB00644F3E /* Products */;
			projectDirPath = "";
			projectRoot = "";
			targets = (
				B0D745971DB251CB00644F3E /* MapBattle */,
				B0D745AB1DB251CB00644F3E /* MapBattleTests */,
				B0D745B61DB251CB00644F3E /* MapBattleUITests */,
			);
		};
/* End PBXProject section */

/* Begin PBXResourcesBuildPhase section */
		B0D745961DB251CB00644F3E /* Resources */ = {
			isa = PBXResourcesBuildPhase;
			buildActionMask = 2147483647;
			files = (
				B0D745A61DB251CB00644F3E /* LaunchScreen.storyboard in Resources */,
				B0D745A31DB251CB00644F3E /* Assets.xcassets in Resources */,
				B0D745A11DB251CB00644F3E /* Main.storyboard in Resources */,
			);
			runOnlyForDeploymentPostprocessing = 0;
		};
		B0D745AA1DB251CB00644F3E /* Resources */ = {
			isa = PBXResourcesBuildPhase;
			buildActionMask = 2147483647;
			files = (
			);
			runOnlyForDeploymentPostprocessing = 0;
		};
		B0D745B51DB251CB00644F3E /* Resources */ = {
			isa = PBXResourcesBuildPhase;
			buildActionMask = 2147483647;
			files = (
			);
			runOnlyForDeploymentPostprocessing = 0;
		};
/* End PBXResourcesBuildPhase section */

/* Begin PBXSourcesBuildPhase section */
		B0D745941DB251CB00644F3E /* Sources */ = {
			isa = PBXSourcesBuildPhase;
			buildActionMask = 2147483647;
			files = (
				B0D7459E1DB251CB00644F3E /* ViewController.swift in Sources */,
				B0D7459C1DB251CB00644F3E /* AppDelegate.swift in Sources */,
			);
			runOnlyForDeploymentPostprocessing = 0;
		};
		B0D745A81DB251CB00644F3E /* Sources */ = {
			isa = PBXSourcesBuildPhase;
			buildActionMask = 2147483647;
			files = (
				B0D745B11DB251CB00644F3E /* MapBattleTests.swift in Sources */,
			);
			runOnlyForDeploymentPostprocessing = 0;
		};
		B0D745B31DB251CB00644F3E /* Sources */ = {
			isa = PBXSourcesBuildPhase;
			buildActionMask = 2147483647;
			files = (
				B0D745BC1DB251CB00644F3E /* MapBattleUITests.swift in Sources */,
			);
			runOnlyForDeploymentPostprocessing = 0;
		};
/* End PBXSourcesBuildPhase section */

/* Begin PBXTargetDependency section */
		B0D745AE1DB251CB00644F3E /* PBXTargetDependency */ = {
			isa = PBXTargetDependency;
			target = B0D745971DB251CB00644F3E /* MapBattle */;
			targetProxy = B0D745AD1DB251CB00644F3E /* PBXContainerItemProxy */;
		};
		B0D745B91DB251CB00644F3E /* PBXTargetDependency */ = {
			isa = PBXTargetDependency;
			target = B0D745971DB251CB00644F3E /* MapBattle */;
			targetProxy = B0D745B81DB251CB00644F3E /* PBXContainerItemProxy */;
		};
/* End PBXTargetDependency section */

/* Begin PBXVariantGroup section */
		B0D7459F1DB251CB00644F3E /* Main.storyboard */ = {
			isa = PBXVariantGroup;
			children = (
				B0D745A01DB251CB00644F3E /* Base */,
			);
			name = Main.storyboard;
			sourceTree = "<group>";
		};
		B0D745A41DB251CB00644F3E /* LaunchScreen.storyboard */ = {
			isa = PBXVariantGroup;
			children = (
				B0D745A51DB251CB00644F3E /* Base */,
			);
			name = LaunchScreen.storyboard;
			sourceTree = "<group>";
		};
/* End PBXVariantGroup section */

/* Begin XCBuildConfiguration section */
		B0D745BE1DB251CB00644F3E /* Debug */ = {
			isa = XCBuildConfiguration;
			buildSettings = {
				ALWAYS_SEARCH_USER_PATHS = NO;
				CLANG_ANALYZER_NONNULL = YES;
				CLANG_CXX_LANGUAGE_STANDARD = "gnu++0x";
				CLANG_CXX_LIBRARY = "libc++";
				CLANG_ENABLE_MODULES = YES;
				CLANG_ENABLE_OBJC_ARC = YES;
				CLANG_WARN_BOOL_CONVERSION = YES;
				CLANG_WARN_CONSTANT_CONVERSION = YES;
				CLANG_WARN_DIRECT_OBJC_ISA_USAGE = YES_ERROR;
				CLANG_WARN_DOCUMENTATION_COMMENTS = YES;
				CLANG_WARN_EMPTY_BODY = YES;
				CLANG_WARN_ENUM_CONVERSION = YES;
				CLANG_WARN_INFINITE_RECURSION = YES;
				CLANG_WARN_INT_CONVERSION = YES;
				CLANG_WARN_OBJC_ROOT_CLASS = YES_ERROR;
				CLANG_WARN_SUSPICIOUS_MOVES = YES;
				CLANG_WARN_UNREACHABLE_CODE = YES;
				CLANG_WARN__DUPLICATE_METHOD_MATCH = YES;
				"CODE_SIGN_IDENTITY[sdk=iphoneos*]" = "iPhone Developer";
				COPY_PHASE_STRIP = NO;
				DEBUG_INFORMATION_FORMAT = dwarf;
				ENABLE_STRICT_OBJC_MSGSEND = YES;
				ENABLE_TESTABILITY = YES;
				GCC_C_LANGUAGE_STANDARD = gnu99;
				GCC_DYNAMIC_NO_PIC = NO;
				GCC_NO_COMMON_BLOCKS = YES;
				GCC_OPTIMIZATION_LEVEL = 0;
				GCC_PREPROCESSOR_DEFINITIONS = (
					"DEBUG=1",
					"$(inherited)",
				);
				GCC_WARN_64_TO_32_BIT_CONVERSION = YES;
				GCC_WARN_ABOUT_RETURN_TYPE = YES_ERROR;
				GCC_WARN_UNDECLARED_SELECTOR = YES;
				GCC_WARN_UNINITIALIZED_AUTOS = YES_AGGRESSIVE;
				GCC_WARN_UNUSED_FUNCTION = YES;
				GCC_WARN_UNUSED_VARIABLE = YES;
				IPHONEOS_DEPLOYMENT_TARGET = 10.0;
				MTL_ENABLE_DEBUG_INFO = YES;
				ONLY_ACTIVE_ARCH = YES;
				SDKROOT = iphoneos;
				SWIFT_ACTIVE_COMPILATION_CONDITIONS = DEBUG;
				SWIFT_OPTIMIZATION_LEVEL = "-Onone";
				TARGETED_DEVICE_FAMILY = "1,2";
			};
			name = Debug;
		};
		B0D745BF1DB251CB00644F3E /* Release */ = {
			isa = XCBuildConfiguration;
			buildSettings = {
				ALWAYS_SEARCH_USER_PATHS = NO;
				CLANG_ANALYZER_NONNULL = YES;
				CLANG_CXX_LANGUAGE_STANDARD = "gnu++0x";
				CLANG_CXX_LIBRARY = "libc++";
				CLANG_ENABLE_MODULES = YES;
				CLANG_ENABLE_OBJC_ARC = YES;
				CLANG_WARN_BOOL_CONVERSION = YES;
				CLANG_WARN_CONSTANT_CONVERSION = YES;
				CLANG_WARN_DIRECT_OBJC_ISA_USAGE = YES_ERROR;
				CLANG_WARN_DOCUMENTATION_COMMENTS = YES;
				CLANG_WARN_EMPTY_BODY = YES;
				CLANG_WARN_ENUM_CONVERSION = YES;
				CLANG_WARN_INFINITE_RECURSION = YES;
				CLANG_WARN_INT_CONVERSION = YES;
				CLANG_WARN_OBJC_ROOT_CLASS = YES_ERROR;
				CLANG_WARN_SUSPICIOUS_MOVES = YES;
				CLANG_WARN_UNREACHABLE_CODE = YES;
				CLANG_WARN__DUPLICATE_METHOD_MATCH = YES;
				"CODE_SIGN_IDENTITY[sdk=iphoneos*]" = "iPhone Developer";
				COPY_PHASE_STRIP = NO;
				DEBUG_INFORMATION_FORMAT = "dwarf-with-dsym";
				ENABLE_NS_ASSERTIONS = NO;
				ENABLE_STRICT_OBJC_MSGSEND = YES;
				GCC_C_LANGUAGE_STANDARD = gnu99;
				GCC_NO_COMMON_BLOCKS = YES;
				GCC_WARN_64_TO_32_BIT_CONVERSION = YES;
				GCC_WARN_ABOUT_RETURN_TYPE = YES_ERROR;
				GCC_WARN_UNDECLARED_SELECTOR = YES;
				GCC_WARN_UNINITIALIZED_AUTOS = YES_AGGRESSIVE;
				GCC_WARN_UNUSED_FUNCTION = YES;
				GCC_WARN_UNUSED_VARIABLE = YES;
				IPHONEOS_DEPLOYMENT_TARGET = 10.0;
				MTL_ENABLE_DEBUG_INFO = NO;
				SDKROOT = iphoneos;
				SWIFT_OPTIMIZATION_LEVEL = "-Owholemodule";
				TARGETED_DEVICE_FAMILY = "1,2";
				VALIDATE_PRODUCT = YES;
			};
			name = Release;
		};
		B0D745C11DB251CB00644F3E /* Debug */ = {
			isa = XCBuildConfiguration;
			buildSettings = {
				ASSETCATALOG_COMPILER_APPICON_NAME = AppIcon;
				INFOPLIST_FILE = MapBattle/Info.plist;
				LD_RUNPATH_SEARCH_PATHS = "$(inherited) @executable_path/Frameworks";
				PRODUCT_BUNDLE_IDENTIFIER = vb.MapBattle;
				PRODUCT_NAME = "$(TARGET_NAME)";
				SWIFT_VERSION = 3.0;
			};
			name = Debug;
		};
		B0D745C21DB251CB00644F3E /* Release */ = {
			isa = XCBuildConfiguration;
			buildSettings = {
				ASSETCATALOG_COMPILER_APPICON_NAME = AppIcon;
				INFOPLIST_FILE = MapBattle/Info.plist;
				LD_RUNPATH_SEARCH_PATHS = "$(inherited) @executable_path/Frameworks";
				PRODUCT_BUNDLE_IDENTIFIER = vb.MapBattle;
				PRODUCT_NAME = "$(TARGET_NAME)";
				SWIFT_VERSION = 3.0;
			};
			name = Release;
		};
		B0D745C41DB251CB00644F3E /* Debug */ = {
			isa = XCBuildConfiguration;
			buildSettings = {
				ALWAYS_EMBED_SWIFT_STANDARD_LIBRARIES = YES;
				BUNDLE_LOADER = "$(TEST_HOST)";
				INFOPLIST_FILE = MapBattleTests/Info.plist;
				LD_RUNPATH_SEARCH_PATHS = "$(inherited) @executable_path/Frameworks @loader_path/Frameworks";
				PRODUCT_BUNDLE_IDENTIFIER = vb.MapBattleTests;
				PRODUCT_NAME = "$(TARGET_NAME)";
				SWIFT_VERSION = 3.0;
				TEST_HOST = "$(BUILT_PRODUCTS_DIR)/MapBattle.app/MapBattle";
			};
			name = Debug;
		};
		B0D745C51DB251CB00644F3E /* Release */ = {
			isa = XCBuildConfiguration;
			buildSettings = {
				ALWAYS_EMBED_SWIFT_STANDARD_LIBRARIES = YES;
				BUNDLE_LOADER = "$(TEST_HOST)";
				INFOPLIST_FILE = MapBattleTests/Info.plist;
				LD_RUNPATH_SEARCH_PATHS = "$(inherited) @executable_path/Frameworks @loader_path/Frameworks";
				PRODUCT_BUNDLE_IDENTIFIER = vb.MapBattleTests;
				PRODUCT_NAME = "$(TARGET_NAME)";
				SWIFT_VERSION = 3.0;
				TEST_HOST = "$(BUILT_PRODUCTS_DIR)/MapBattle.app/MapBattle";
			};
			name = Release;
		};
		B0D745C71DB251CB00644F3E /* Debug */ = {
			isa = XCBuildConfiguration;
			buildSettings = {
				ALWAYS_EMBED_SWIFT_STANDARD_LIBRARIES = YES;
				INFOPLIST_FILE = MapBattleUITests/Info.plist;
				LD_RUNPATH_SEARCH_PATHS = "$(inherited) @executable_path/Frameworks @loader_path/Frameworks";
				PRODUCT_BUNDLE_IDENTIFIER = vb.MapBattleUITests;
				PRODUCT_NAME = "$(TARGET_NAME)";
				SWIFT_VERSION = 3.0;
				TEST_TARGET_NAME = MapBattle;
			};
			name = Debug;
		};
		B0D745C81DB251CB00644F3E /* Release */ = {
			isa = XCBuildConfiguration;
			buildSettings = {
				ALWAYS_EMBED_SWIFT_STANDARD_LIBRARIES = YES;
				INFOPLIST_FILE = MapBattleUITests/Info.plist;
				LD_RUNPATH_SEARCH_PATHS = "$(inherited) @executable_path/Frameworks @loader_path/Frameworks";
				PRODUCT_BUNDLE_IDENTIFIER = vb.MapBattleUITests;
				PRODUCT_NAME = "$(TARGET_NAME)";
				SWIFT_VERSION = 3.0;
				TEST_TARGET_NAME = MapBattle;
			};
			name = Release;
		};
/* End XCBuildConfiguration section */

/* Begin XCConfigurationList section */
		B0D745931DB251CB00644F3E /* Build configuration list for PBXProject "MapBattle" */ = {
			isa = XCConfigurationList;
			buildConfigurations = (
				B0D745BE1DB251CB00644F3E /* Debug */,
				B0D745BF1DB251CB00644F3E /* Release */,
			);
			defaultConfigurationIsVisible = 0;
			defaultConfigurationName = Release;
		};
		B0D745C01DB251CB00644F3E /* Build configuration list for PBXNativeTarget "MapBattle" */ = {
			isa = XCConfigurationList;
			buildConfigurations = (
				B0D745C11DB251CB00644F3E /* Debug */,
				B0D745C21DB251CB00644F3E /* Release */,
			);
			defaultConfigurationIsVisible = 0;
		};
		B0D745C31DB251CB00644F3E /* Build configuration list for PBXNativeTarget "MapBattleTests" */ = {
			isa = XCConfigurationList;
			buildConfigurations = (
				B0D745C41DB251CB00644F3E /* Debug */,
				B0D745C51DB251CB00644F3E /* Release */,
			);
			defaultConfigurationIsVisible = 0;
		};
		B0D745C61DB251CB00644F3E /* Build configuration list for PBXNativeTarget "MapBattleUITests" */ = {
			isa = XCConfigurationList;
			buildConfigurations = (
				B0D745C71DB251CB00644F3E /* Debug */,
				B0D745C81DB251CB00644F3E /* Release */,
			);
			defaultConfigurationIsVisible = 0;
		};
/* End XCConfigurationList section */
	};
	rootObject = B0D745901DB251CB00644F3E /* Project object */;
}
